// !$*UTF8*$!
{
	archiveVersion = 1;
	classes = {
	};
	objectVersion = 48;
	objects = {

/* Begin PBXBuildFile section */
		7BA1C6D01EF27DA000BB25EF /* VideoCapture.swift in Sources */ = {isa = PBXBuildFile; fileRef = 7BC25FB51EF27C0D002ECBBA /* VideoCapture.swift */; };
		7BA1C6D61EF2861600BB25EF /* BoundingBox.swift in Sources */ = {isa = PBXBuildFile; fileRef = 7BA1C6D51EF2861400BB25EF /* BoundingBox.swift */; };
		7BC25FA91EF1B7D1002ECBBA /* Assets.xcassets in Resources */ = {isa = PBXBuildFile; fileRef = 7BC25FA81EF1B7D1002ECBBA /* Assets.xcassets */; };
		8020906C202C8BF30017321C /* yolo.mlmodel in Sources */ = {isa = PBXBuildFile; fileRef = 8020906B202C8BF30017321C /* yolo.mlmodel */; };
		8020907A202C8C8D0017321C /* YOLO.swift in Sources */ = {isa = PBXBuildFile; fileRef = 80209075202C8C8D0017321C /* YOLO.swift */; };
		8020907D202C8C8D0017321C /* ViewController.swift in Sources */ = {isa = PBXBuildFile; fileRef = 80209079202C8C8D0017321C /* ViewController.swift */; };
		805125AB202EBA8000CF1DD0 /* Main.storyboard in Resources */ = {isa = PBXBuildFile; fileRef = 805125A9202EBA8000CF1DD0 /* Main.storyboard */; };
		805125AD202EBA8900CF1DD0 /* Helpers.swift in Sources */ = {isa = PBXBuildFile; fileRef = 805125AC202EBA8900CF1DD0 /* Helpers.swift */; };
		A1D62ECA2241748A00BEB8C3 /* AppDelegate.swift in Sources */ = {isa = PBXBuildFile; fileRef = A1D62EC92241748A00BEB8C3 /* AppDelegate.swift */; };
/* End PBXBuildFile section */

/* Begin PBXFileReference section */
		7BA1C6D51EF2861400BB25EF /* BoundingBox.swift */ = {isa = PBXFileReference; lastKnownFileType = sourcecode.swift; path = BoundingBox.swift; sourceTree = "<group>"; };
		7BC25F9E1EF1B7D1002ECBBA /* YOLO-CoreML.app */ = {isa = PBXFileReference; explicitFileType = wrapper.application; includeInIndex = 0; path = "YOLO-CoreML.app"; sourceTree = BUILT_PRODUCTS_DIR; };
		7BC25FA81EF1B7D1002ECBBA /* Assets.xcassets */ = {isa = PBXFileReference; lastKnownFileType = folder.assetcatalog; path = Assets.xcassets; sourceTree = "<group>"; };
		7BC25FAD1EF1B7D1002ECBBA /* Info.plist */ = {isa = PBXFileReference; lastKnownFileType = text.plist.xml; path = Info.plist; sourceTree = "<group>"; };
		7BC25FB51EF27C0D002ECBBA /* VideoCapture.swift */ = {isa = PBXFileReference; lastKnownFileType = sourcecode.swift; path = VideoCapture.swift; sourceTree = "<group>"; };
		8020906B202C8BF30017321C /* yolo.mlmodel */ = {isa = PBXFileReference; lastKnownFileType = file.mlmodel; path = yolo.mlmodel; sourceTree = "<group>"; };
		80209075202C8C8D0017321C /* YOLO.swift */ = {isa = PBXFileReference; fileEncoding = 4; lastKnownFileType = sourcecode.swift; path = YOLO.swift; sourceTree = "<group>"; };
		80209079202C8C8D0017321C /* ViewController.swift */ = {isa = PBXFileReference; fileEncoding = 4; lastKnownFileType = sourcecode.swift; path = ViewController.swift; sourceTree = "<group>"; };
		805125AA202EBA8000CF1DD0 /* Base */ = {isa = PBXFileReference; lastKnownFileType = file.storyboard; name = Base; path = Base.lproj/Main.storyboard; sourceTree = "<group>"; };
		805125AC202EBA8900CF1DD0 /* Helpers.swift */ = {isa = PBXFileReference; fileEncoding = 4; lastKnownFileType = sourcecode.swift; path = Helpers.swift; sourceTree = "<group>"; };
		A1D62EC92241748A00BEB8C3 /* AppDelegate.swift */ = {isa = PBXFileReference; fileEncoding = 4; lastKnownFileType = sourcecode.swift; path = AppDelegate.swift; sourceTree = "<group>"; };
/* End PBXFileReference section */

/* Begin PBXFrameworksBuildPhase section */
		7BC25F9B1EF1B7D1002ECBBA /* Frameworks */ = {
			isa = PBXFrameworksBuildPhase;
			buildActionMask = 2147483647;
			files = (
			);
			runOnlyForDeploymentPostprocessing = 0;
		};
/* End PBXFrameworksBuildPhase section */

/* Begin PBXGroup section */
		7BC25F951EF1B7D1002ECBBA = {
			isa = PBXGroup;
			children = (
				7BC25FA01EF1B7D1002ECBBA /* YOLO-CoreML */,
				7BC25F9F1EF1B7D1002ECBBA /* Products */,
			);
			sourceTree = "<group>";
		};
		7BC25F9F1EF1B7D1002ECBBA /* Products */ = {
			isa = PBXGroup;
			children = (
				7BC25F9E1EF1B7D1002ECBBA /* YOLO-CoreML.app */,
			);
			name = Products;
			sourceTree = "<group>";
		};
		7BC25FA01EF1B7D1002ECBBA /* YOLO-CoreML */ = {
			isa = PBXGroup;
			children = (
				805125AE202EBB4300CF1DD0 /* Helpers */,
				8020906B202C8BF30017321C /* yolo.mlmodel */,
				A1D62EC92241748A00BEB8C3 /* AppDelegate.swift */,
				7BC25FA81EF1B7D1002ECBBA /* Assets.xcassets */,
				80209079202C8C8D0017321C /* ViewController.swift */,
				805125A9202EBA8000CF1DD0 /* Main.storyboard */,
				80209075202C8C8D0017321C /* YOLO.swift */,
				7BC25FAD1EF1B7D1002ECBBA /* Info.plist */,
			);
			path = "YOLO-CoreML";
			sourceTree = "<group>";
		};
		805125AE202EBB4300CF1DD0 /* Helpers */ = {
			isa = PBXGroup;
			children = (
				805125AC202EBA8900CF1DD0 /* Helpers.swift */,
				7BA1C6D51EF2861400BB25EF /* BoundingBox.swift */,
				7BC25FB51EF27C0D002ECBBA /* VideoCapture.swift */,
			);
			path = Helpers;
			sourceTree = "<group>";
		};
/* End PBXGroup section */

/* Begin PBXNativeTarget section */
		7BC25F9D1EF1B7D1002ECBBA /* YOLO-CoreML */ = {
			isa = PBXNativeTarget;
			buildConfigurationList = 7BC25FB01EF1B7D1002ECBBA /* Build configuration list for PBXNativeTarget "YOLO-CoreML" */;
			buildPhases = (
				7BC25F9A1EF1B7D1002ECBBA /* Sources */,
				7BC25F9B1EF1B7D1002ECBBA /* Frameworks */,
				7BC25F9C1EF1B7D1002ECBBA /* Resources */,
			);
			buildRules = (
			);
			dependencies = (
			);
			name = "YOLO-CoreML";
			productName = "TinyYOLO-CoreML";
			productReference = 7BC25F9E1EF1B7D1002ECBBA /* YOLO-CoreML.app */;
			productType = "com.apple.product-type.application";
		};
/* End PBXNativeTarget section */

/* Begin PBXProject section */
		7BC25F961EF1B7D1002ECBBA /* Project object */ = {
			isa = PBXProject;
			attributes = {
				LastSwiftUpdateCheck = 0900;
				LastUpgradeCheck = 0900;
				ORGANIZATIONNAME = MachineThink;
				TargetAttributes = {
					7BC25F9D1EF1B7D1002ECBBA = {
						CreatedOnToolsVersion = 9.0;
						ProvisioningStyle = Manual;
					};
				};
			};
			buildConfigurationList = 7BC25F991EF1B7D1002ECBBA /* Build configuration list for PBXProject "YOLO-CoreML" */;
			compatibilityVersion = "Xcode 8.0";
			developmentRegion = en;
			hasScannedForEncodings = 0;
			knownRegions = (
				en,
				Base,
			);
			mainGroup = 7BC25F951EF1B7D1002ECBBA;
			productRefGroup = 7BC25F9F1EF1B7D1002ECBBA /* Products */;
			projectDirPath = "";
			projectRoot = "";
			targets = (
				7BC25F9D1EF1B7D1002ECBBA /* YOLO-CoreML */,
			);
		};
/* End PBXProject section */

/* Begin PBXResourcesBuildPhase section */
		7BC25F9C1EF1B7D1002ECBBA /* Resources */ = {
			isa = PBXResourcesBuildPhase;
			buildActionMask = 2147483647;
			files = (
				805125AB202EBA8000CF1DD0 /* Main.storyboard in Resources */,
				7BC25FA91EF1B7D1002ECBBA /* Assets.xcassets in Resources */,
			);
			runOnlyForDeploymentPostprocessing = 0;
		};
/* End PBXResourcesBuildPhase section */

/* Begin PBXSourcesBuildPhase section */
		7BC25F9A1EF1B7D1002ECBBA /* Sources */ = {
			isa = PBXSourcesBuildPhase;
			buildActionMask = 2147483647;
			files = (
				A1D62ECA2241748A00BEB8C3 /* AppDelegate.swift in Sources */,
				7BA1C6D01EF27DA000BB25EF /* VideoCapture.swift in Sources */,
				805125AD202EBA8900CF1DD0 /* Helpers.swift in Sources */,
				8020907D202C8C8D0017321C /* ViewController.swift in Sources */,
				8020906C202C8BF30017321C /* yolo.mlmodel in Sources */,
				7BA1C6D61EF2861600BB25EF /* BoundingBox.swift in Sources */,
				8020907A202C8C8D0017321C /* YOLO.swift in Sources */,
			);
			runOnlyForDeploymentPostprocessing = 0;
		};
/* End PBXSourcesBuildPhase section */

/* Begin PBXVariantGroup section */
		805125A9202EBA8000CF1DD0 /* Main.storyboard */ = {
			isa = PBXVariantGroup;
			children = (
				805125AA202EBA8000CF1DD0 /* Base */,
			);
			name = Main.storyboard;
			sourceTree = "<group>";
		};
/* End PBXVariantGroup section */

/* Begin XCBuildConfiguration section */
		7BC25FAE1EF1B7D1002ECBBA /* Debug */ = {
			isa = XCBuildConfiguration;
			buildSettings = {
				ALWAYS_SEARCH_USER_PATHS = NO;
				CLANG_ANALYZER_NONNULL = YES;
				CLANG_ANALYZER_NUMBER_OBJECT_CONVERSION = YES_AGGRESSIVE;
				CLANG_CXX_LANGUAGE_STANDARD = "gnu++14";
				CLANG_CXX_LIBRARY = "libc++";
				CLANG_ENABLE_MODULES = YES;
				CLANG_ENABLE_OBJC_ARC = YES;
				CLANG_WARN_BLOCK_CAPTURE_AUTORELEASING = YES;
				CLANG_WARN_BOOL_CONVERSION = YES;
				CLANG_WARN_COMMA = YES;
				CLANG_WARN_CONSTANT_CONVERSION = YES;
				CLANG_WARN_DIRECT_OBJC_ISA_USAGE = YES_ERROR;
				CLANG_WARN_DOCUMENTATION_COMMENTS = YES;
				CLANG_WARN_EMPTY_BODY = YES;
				CLANG_WARN_ENUM_CONVERSION = YES;
				CLANG_WARN_INFINITE_RECURSION = YES;
				CLANG_WARN_INT_CONVERSION = YES;
				CLANG_WARN_OBJC_ROOT_CLASS = YES_ERROR;
				CLANG_WARN_RANGE_LOOP_ANALYSIS = YES;
				CLANG_WARN_STRICT_PROTOTYPES = YES;
				CLANG_WARN_SUSPICIOUS_MOVE = YES;
				CLANG_WARN_UNGUARDED_AVAILABILITY = YES_AGGRESSIVE;
				CLANG_WARN_UNREACHABLE_CODE = YES;
				CLANG_WARN__DUPLICATE_METHOD_MATCH = YES;
				CODE_SIGN_IDENTITY = "iPhone Developer";
				COPY_PHASE_STRIP = NO;
				DEBUG_INFORMATION_FORMAT = dwarf;
				ENABLE_STRICT_OBJC_MSGSEND = YES;
				ENABLE_TESTABILITY = YES;
				GCC_C_LANGUAGE_STANDARD = gnu11;
				GCC_DYNAMIC_NO_PIC = NO;
				GCC_NO_COMMON_BLOCKS = YES;
				GCC_OPTIMIZATION_LEVEL = 0;
				GCC_PREPROCESSOR_DEFINITIONS = (
					"DEBUG=1",
					"$(inherited)",
				);
				GCC_WARN_64_TO_32_BIT_CONVERSION = YES;
				GCC_WARN_ABOUT_RETURN_TYPE = YES_ERROR;
				GCC_WARN_UNDECLARED_SELECTOR = YES;
				GCC_WARN_UNINITIALIZED_AUTOS = YES_AGGRESSIVE;
				GCC_WARN_UNUSED_FUNCTION = YES;
				GCC_WARN_UNUSED_VARIABLE = YES;
				IPHONEOS_DEPLOYMENT_TARGET = 11.0;
				MTL_ENABLE_DEBUG_INFO = YES;
				ONLY_ACTIVE_ARCH = YES;
				SDKROOT = iphoneos;
				SWIFT_ACTIVE_COMPILATION_CONDITIONS = DEBUG;
				SWIFT_OPTIMIZATION_LEVEL = "-Onone";
			};
			name = Debug;
		};
		7BC25FAF1EF1B7D1002ECBBA /* Release */ = {
			isa = XCBuildConfiguration;
			buildSettings = {
				ALWAYS_SEARCH_USER_PATHS = NO;
				CLANG_ANALYZER_NONNULL = YES;
				CLANG_ANALYZER_NUMBER_OBJECT_CONVERSION = YES_AGGRESSIVE;
				CLANG_CXX_LANGUAGE_STANDARD = "gnu++14";
				CLANG_CXX_LIBRARY = "libc++";
				CLANG_ENABLE_MODULES = YES;
				CLANG_ENABLE_OBJC_ARC = YES;
				CLANG_WARN_BLOCK_CAPTURE_AUTORELEASING = YES;
				CLANG_WARN_BOOL_CONVERSION = YES;
				CLANG_WARN_COMMA = YES;
				CLANG_WARN_CONSTANT_CONVERSION = YES;
				CLANG_WARN_DIRECT_OBJC_ISA_USAGE = YES_ERROR;
				CLANG_WARN_DOCUMENTATION_COMMENTS = YES;
				CLANG_WARN_EMPTY_BODY = YES;
				CLANG_WARN_ENUM_CONVERSION = YES;
				CLANG_WARN_INFINITE_RECURSION = YES;
				CLANG_WARN_INT_CONVERSION = YES;
				CLANG_WARN_OBJC_ROOT_CLASS = YES_ERROR;
				CLANG_WARN_RANGE_LOOP_ANALYSIS = YES;
				CLANG_WARN_STRICT_PROTOTYPES = YES;
				CLANG_WARN_SUSPICIOUS_MOVE = YES;
				CLANG_WARN_UNGUARDED_AVAILABILITY = YES_AGGRESSIVE;
				CLANG_WARN_UNREACHABLE_CODE = YES;
				CLANG_WARN__DUPLICATE_METHOD_MATCH = YES;
				CODE_SIGN_IDENTITY = "iPhone Developer";
				COPY_PHASE_STRIP = NO;
				DEBUG_INFORMATION_FORMAT = "dwarf-with-dsym";
				ENABLE_NS_ASSERTIONS = NO;
				ENABLE_STRICT_OBJC_MSGSEND = YES;
				GCC_C_LANGUAGE_STANDARD = gnu11;
				GCC_NO_COMMON_BLOCKS = YES;
				GCC_WARN_64_TO_32_BIT_CONVERSION = YES;
				GCC_WARN_ABOUT_RETURN_TYPE = YES_ERROR;
				GCC_WARN_UNDECLARED_SELECTOR = YES;
				GCC_WARN_UNINITIALIZED_AUTOS = YES_AGGRESSIVE;
				GCC_WARN_UNUSED_FUNCTION = YES;
				GCC_WARN_UNUSED_VARIABLE = YES;
				IPHONEOS_DEPLOYMENT_TARGET = 11.0;
				MTL_ENABLE_DEBUG_INFO = NO;
				SDKROOT = iphoneos;
				SWIFT_OPTIMIZATION_LEVEL = "-Owholemodule";
				VALIDATE_PRODUCT = YES;
			};
			name = Release;
		};
		7BC25FB11EF1B7D1002ECBBA /* Debug */ = {
			isa = XCBuildConfiguration;
			buildSettings = {
				ASSETCATALOG_COMPILER_APPICON_NAME = AppIcon;
				CODE_SIGN_STYLE = Manual;
				DEVELOPMENT_TEAM = 4936NV9Q2W;
				GCC_OPTIMIZATION_LEVEL = s;
				INFOPLIST_FILE = "YOLO-CoreML/Info.plist";
				LD_RUNPATH_SEARCH_PATHS = "$(inherited) @executable_path/Frameworks";
				PRODUCT_BUNDLE_IDENTIFIER = "cc.syshen.YOLO-CoreML";
				PRODUCT_NAME = "$(TARGET_NAME)";
				PROVISIONING_PROFILE_SPECIFIER = "Dev Wildcard";
				SWIFT_OPTIMIZATION_LEVEL = "-Owholemodule";
				SWIFT_VERSION = 4.0;
				TARGETED_DEVICE_FAMILY = "1,2";
			};
			name = Debug;
		};
		7BC25FB21EF1B7D1002ECBBA /* Release */ = {
			isa = XCBuildConfiguration;
			buildSettings = {
				ASSETCATALOG_COMPILER_APPICON_NAME = AppIcon;
				CODE_SIGN_STYLE = Manual;
				DEVELOPMENT_TEAM = 4936NV9Q2W;
				INFOPLIST_FILE = "YOLO-CoreML/Info.plist";
				LD_RUNPATH_SEARCH_PATHS = "$(inherited) @executable_path/Frameworks";
				PRODUCT_BUNDLE_IDENTIFIER = "cc.syshen.YOLO-CoreML";
				PRODUCT_NAME = "$(TARGET_NAME)";
				PROVISIONING_PROFILE_SPECIFIER = "Dev Wildcard";
				SWIFT_VERSION = 4.0;
				TARGETED_DEVICE_FAMILY = "1,2";
			};
			name = Release;
		};
/* End XCBuildConfiguration section */

/* Begin XCConfigurationList section */
		7BC25F991EF1B7D1002ECBBA /* Build configuration list for PBXProject "YOLO-CoreML" */ = {
			isa = XCConfigurationList;
			buildConfigurations = (
				7BC25FAE1EF1B7D1002ECBBA /* Debug */,
				7BC25FAF1EF1B7D1002ECBBA /* Release */,
			);
			defaultConfigurationIsVisible = 0;
			defaultConfigurationName = Release;
		};
		7BC25FB01EF1B7D1002ECBBA /* Build configuration list for PBXNativeTarget "YOLO-CoreML" */ = {
			isa = XCConfigurationList;
			buildConfigurations = (
				7BC25FB11EF1B7D1002ECBBA /* Debug */,
				7BC25FB21EF1B7D1002ECBBA /* Release */,
			);
			defaultConfigurationIsVisible = 0;
			defaultConfigurationName = Release;
		};
/* End XCConfigurationList section */
	};
	rootObject = 7BC25F961EF1B7D1002ECBBA /* Project object */;
}
